
Microsoft Visual Studio Solution File, Format Version 12.00
# Visual Studio Version 17
VisualStudioVersion = 17.7.34221.43
MinimumVisualStudioVersion = 10.0.40219.1
Project("{8BC9CEB8-8B4A-11D0-8D11-00A0C91BC942}") = "ProcessCam2", "ProcessCam2.vcxproj", "{9BB1B2A8-7764-4217-B453-EE00F2093499}"
EndProject
Global
	GlobalSection(SolutionConfigurationPlatforms) = preSolution
		Debug|x64 = Debug|x64
		Release|x64 = Release|x64
	EndGlobalSection
	GlobalSection(ProjectConfigurationPlatforms) = postSolution
		{9BB1B2A8-7764-4217-B453-EE00F2093499}.Debug|x64.ActiveCfg = Debug|x64
		{9BB1B2A8-7764-4217-B453-EE00F2093499}.Debug|x64.Build.0 = Debug|x64
		{9BB1B2A8-7764-4217-B453-EE00F2093499}.Release|x64.ActiveCfg = Release|x64
		{9BB1B2A8-7764-4217-B453-EE00F2093499}.Release|x64.Build.0 = Release|x64
	EndGlobalSection
	GlobalSection(SolutionProperties) = preSolution
		HideSolutionNode = FALSE
	EndGlobalSection
	GlobalSection(ExtensibilityGlobals) = postSolution
		SolutionGuid = {5089FE62-62D1-4060-AA77-C879C675B716}
	EndGlobalSection
EndGlobal
